// !$*UTF8*$!
{
	archiveVersion = 1;
	classes = {
	};
	objectVersion = 56;
	objects = {

/* Begin PBXBuildFile section */
		4B6F8DE82A13A6C300210C79 /* ImdbMovieApp.swift in Sources */ = {isa = PBXBuildFile; fileRef = 4B6F8DE72A13A6C300210C79 /* ImdbMovieApp.swift */; };
		4B6F8DEA2A13A6C300210C79 /* ContentView.swift in Sources */ = {isa = PBXBuildFile; fileRef = 4B6F8DE92A13A6C300210C79 /* ContentView.swift */; };
		4B6F8DEC2A13A6C500210C79 /* Assets.xcassets in Resources */ = {isa = PBXBuildFile; fileRef = 4B6F8DEB2A13A6C500210C79 /* Assets.xcassets */; };
		4B6F8DEF2A13A6C500210C79 /* Preview Assets.xcassets in Resources */ = {isa = PBXBuildFile; fileRef = 4B6F8DEE2A13A6C500210C79 /* Preview Assets.xcassets */; };
		4B6F8DF92A13A6C500210C79 /* ImdbMovieTests.swift in Sources */ = {isa = PBXBuildFile; fileRef = 4B6F8DF82A13A6C500210C79 /* ImdbMovieTests.swift */; };
		4B6F8E032A13A6C500210C79 /* ImdbMovieUITests.swift in Sources */ = {isa = PBXBuildFile; fileRef = 4B6F8E022A13A6C500210C79 /* ImdbMovieUITests.swift */; };
		4B6F8E052A13A6C500210C79 /* ImdbMovieUITestsLaunchTests.swift in Sources */ = {isa = PBXBuildFile; fileRef = 4B6F8E042A13A6C500210C79 /* ImdbMovieUITestsLaunchTests.swift */; };
		4B6F8E142A13C1E100210C79 /* MovieDetailView.swift in Sources */ = {isa = PBXBuildFile; fileRef = 4B6F8E132A13C1E100210C79 /* MovieDetailView.swift */; };
/* End PBXBuildFile section */

/* Begin PBXContainerItemProxy section */
		4B6F8DF52A13A6C500210C79 /* PBXContainerItemProxy */ = {
			isa = PBXContainerItemProxy;
			containerPortal = 4B6F8DDC2A13A6C300210C79 /* Project object */;
			proxyType = 1;
			remoteGlobalIDString = 4B6F8DE32A13A6C300210C79;
			remoteInfo = ImdbMovie;
		};
		4B6F8DFF2A13A6C500210C79 /* PBXContainerItemProxy */ = {
			isa = PBXContainerItemProxy;
			containerPortal = 4B6F8DDC2A13A6C300210C79 /* Project object */;
			proxyType = 1;
			remoteGlobalIDString = 4B6F8DE32A13A6C300210C79;
			remoteInfo = ImdbMovie;
		};
/* End PBXContainerItemProxy section */

/* Begin PBXFileReference section */
		4B6F8DE42A13A6C300210C79 /* ImdbMovie.app */ = {isa = PBXFileReference; explicitFileType = wrapper.application; includeInIndex = 0; path = ImdbMovie.app; sourceTree = BUILT_PRODUCTS_DIR; };
		4B6F8DE72A13A6C300210C79 /* ImdbMovieApp.swift */ = {isa = PBXFileReference; lastKnownFileType = sourcecode.swift; path = ImdbMovieApp.swift; sourceTree = "<group>"; };
		4B6F8DE92A13A6C300210C79 /* ContentView.swift */ = {isa = PBXFileReference; lastKnownFileType = sourcecode.swift; path = ContentView.swift; sourceTree = "<group>"; };
		4B6F8DEB2A13A6C500210C79 /* Assets.xcassets */ = {isa = PBXFileReference; lastKnownFileType = folder.assetcatalog; path = Assets.xcassets; sourceTree = "<group>"; };
		4B6F8DEE2A13A6C500210C79 /* Preview Assets.xcassets */ = {isa = PBXFileReference; lastKnownFileType = folder.assetcatalog; path = "Preview Assets.xcassets"; sourceTree = "<group>"; };
		4B6F8DF42A13A6C500210C79 /* ImdbMovieTests.xctest */ = {isa = PBXFileReference; explicitFileType = wrapper.cfbundle; includeInIndex = 0; path = ImdbMovieTests.xctest; sourceTree = BUILT_PRODUCTS_DIR; };
		4B6F8DF82A13A6C500210C79 /* ImdbMovieTests.swift */ = {isa = PBXFileReference; lastKnownFileType = sourcecode.swift; path = ImdbMovieTests.swift; sourceTree = "<group>"; };
		4B6F8DFE2A13A6C500210C79 /* ImdbMovieUITests.xctest */ = {isa = PBXFileReference; explicitFileType = wrapper.cfbundle; includeInIndex = 0; path = ImdbMovieUITests.xctest; sourceTree = BUILT_PRODUCTS_DIR; };
		4B6F8E022A13A6C500210C79 /* ImdbMovieUITests.swift */ = {isa = PBXFileReference; lastKnownFileType = sourcecode.swift; path = ImdbMovieUITests.swift; sourceTree = "<group>"; };
		4B6F8E042A13A6C500210C79 /* ImdbMovieUITestsLaunchTests.swift */ = {isa = PBXFileReference; lastKnownFileType = sourcecode.swift; path = ImdbMovieUITestsLaunchTests.swift; sourceTree = "<group>"; };
		4B6F8E132A13C1E100210C79 /* MovieDetailView.swift */ = {isa = PBXFileReference; lastKnownFileType = sourcecode.swift; path = MovieDetailView.swift; sourceTree = "<group>"; };
/* End PBXFileReference section */

/* Begin PBXFrameworksBuildPhase section */
		4B6F8DE12A13A6C300210C79 /* Frameworks */ = {
			isa = PBXFrameworksBuildPhase;
			buildActionMask = 2147483647;
			files = (
			);
			runOnlyForDeploymentPostprocessing = 0;
		};
		4B6F8DF12A13A6C500210C79 /* Frameworks */ = {
			isa = PBXFrameworksBuildPhase;
			buildActionMask = 2147483647;
			files = (
			);
			runOnlyForDeploymentPostprocessing = 0;
		};
		4B6F8DFB2A13A6C500210C79 /* Frameworks */ = {
			isa = PBXFrameworksBuildPhase;
			buildActionMask = 2147483647;
			files = (
			);
			runOnlyForDeploymentPostprocessing = 0;
		};
/* End PBXFrameworksBuildPhase section */

/* Begin PBXGroup section */
		4B6F8DDB2A13A6C300210C79 = {
			isa = PBXGroup;
			children = (
				4B6F8DE62A13A6C300210C79 /* ImdbMovie */,
				4B6F8DF72A13A6C500210C79 /* ImdbMovieTests */,
				4B6F8E012A13A6C500210C79 /* ImdbMovieUITests */,
				4B6F8DE52A13A6C300210C79 /* Products */,
			);
			sourceTree = "<group>";
		};
		4B6F8DE52A13A6C300210C79 /* Products */ = {
			isa = PBXGroup;
			children = (
				4B6F8DE42A13A6C300210C79 /* ImdbMovie.app */,
				4B6F8DF42A13A6C500210C79 /* ImdbMovieTests.xctest */,
				4B6F8DFE2A13A6C500210C79 /* ImdbMovieUITests.xctest */,
			);
			name = Products;
			sourceTree = "<group>";
		};
		4B6F8DE62A13A6C300210C79 /* ImdbMovie */ = {
			isa = PBXGroup;
			children = (
				4B6F8DE72A13A6C300210C79 /* ImdbMovieApp.swift */,
				4B6F8DE92A13A6C300210C79 /* ContentView.swift */,
				4B6F8E132A13C1E100210C79 /* MovieDetailView.swift */,
				4B6F8DEB2A13A6C500210C79 /* Assets.xcassets */,
				4B6F8DED2A13A6C500210C79 /* Preview Content */,
			);
			path = ImdbMovie;
			sourceTree = "<group>";
		};
		4B6F8DED2A13A6C500210C79 /* Preview Content */ = {
			isa = PBXGroup;
			children = (
				4B6F8DEE2A13A6C500210C79 /* Preview Assets.xcassets */,
			);
			path = "Preview Content";
			sourceTree = "<group>";
		};
		4B6F8DF72A13A6C500210C79 /* ImdbMovieTests */ = {
			isa = PBXGroup;
			children = (
				4B6F8DF82A13A6C500210C79 /* ImdbMovieTests.swift */,
			);
			path = ImdbMovieTests;
			sourceTree = "<group>";
		};
		4B6F8E012A13A6C500210C79 /* ImdbMovieUITests */ = {
			isa = PBXGroup;
			children = (
				4B6F8E022A13A6C500210C79 /* ImdbMovieUITests.swift */,
				4B6F8E042A13A6C500210C79 /* ImdbMovieUITestsLaunchTests.swift */,
			);
			path = ImdbMovieUITests;
			sourceTree = "<group>";
		};
/* End PBXGroup section */

/* Begin PBXNativeTarget section */
		4B6F8DE32A13A6C300210C79 /* ImdbMovie */ = {
			isa = PBXNativeTarget;
			buildConfigurationList = 4B6F8E082A13A6C500210C79 /* Build configuration list for PBXNativeTarget "ImdbMovie" */;
			buildPhases = (
				4B6F8DE02A13A6C300210C79 /* Sources */,
				4B6F8DE12A13A6C300210C79 /* Frameworks */,
				4B6F8DE22A13A6C300210C79 /* Resources */,
			);
			buildRules = (
			);
			dependencies = (
			);
			name = ImdbMovie;
			productName = ImdbMovie;
			productReference = 4B6F8DE42A13A6C300210C79 /* ImdbMovie.app */;
			productType = "com.apple.product-type.application";
		};
		4B6F8DF32A13A6C500210C79 /* ImdbMovieTests */ = {
			isa = PBXNativeTarget;
			buildConfigurationList = 4B6F8E0B2A13A6C500210C79 /* Build configuration list for PBXNativeTarget "ImdbMovieTests" */;
			buildPhases = (
				4B6F8DF02A13A6C500210C79 /* Sources */,
				4B6F8DF12A13A6C500210C79 /* Frameworks */,
				4B6F8DF22A13A6C500210C79 /* Resources */,
			);
			buildRules = (
			);
			dependencies = (
				4B6F8DF62A13A6C500210C79 /* PBXTargetDependency */,
			);
			name = ImdbMovieTests;
			productName = ImdbMovieTests;
			productReference = 4B6F8DF42A13A6C500210C79 /* ImdbMovieTests.xctest */;
			productType = "com.apple.product-type.bundle.unit-test";
		};
		4B6F8DFD2A13A6C500210C79 /* ImdbMovieUITests */ = {
			isa = PBXNativeTarget;
			buildConfigurationList = 4B6F8E0E2A13A6C500210C79 /* Build configuration list for PBXNativeTarget "ImdbMovieUITests" */;
			buildPhases = (
				4B6F8DFA2A13A6C500210C79 /* Sources */,
				4B6F8DFB2A13A6C500210C79 /* Frameworks */,
				4B6F8DFC2A13A6C500210C79 /* Resources */,
			);
			buildRules = (
			);
			dependencies = (
				4B6F8E002A13A6C500210C79 /* PBXTargetDependency */,
			);
			name = ImdbMovieUITests;
			productName = ImdbMovieUITests;
			productReference = 4B6F8DFE2A13A6C500210C79 /* ImdbMovieUITests.xctest */;
			productType = "com.apple.product-type.bundle.ui-testing";
		};
/* End PBXNativeTarget section */

/* Begin PBXProject section */
		4B6F8DDC2A13A6C300210C79 /* Project object */ = {
			isa = PBXProject;
			attributes = {
				BuildIndependentTargetsInParallel = 1;
				LastSwiftUpdateCheck = 1430;
				LastUpgradeCheck = 1430;
				TargetAttributes = {
					4B6F8DE32A13A6C300210C79 = {
						CreatedOnToolsVersion = 14.3;
					};
					4B6F8DF32A13A6C500210C79 = {
						CreatedOnToolsVersion = 14.3;
						TestTargetID = 4B6F8DE32A13A6C300210C79;
					};
					4B6F8DFD2A13A6C500210C79 = {
						CreatedOnToolsVersion = 14.3;
						TestTargetID = 4B6F8DE32A13A6C300210C79;
					};
				};
			};
			buildConfigurationList = 4B6F8DDF2A13A6C300210C79 /* Build configuration list for PBXProject "ImdbMovie" */;
			compatibilityVersion = "Xcode 14.0";
			developmentRegion = en;
			hasScannedForEncodings = 0;
			knownRegions = (
				en,
				Base,
			);
			mainGroup = 4B6F8DDB2A13A6C300210C79;
			productRefGroup = 4B6F8DE52A13A6C300210C79 /* Products */;
			projectDirPath = "";
			projectRoot = "";
			targets = (
				4B6F8DE32A13A6C300210C79 /* ImdbMovie */,
				4B6F8DF32A13A6C500210C79 /* ImdbMovieTests */,
				4B6F8DFD2A13A6C500210C79 /* ImdbMovieUITests */,
			);
		};
/* End PBXProject section */

/* Begin PBXResourcesBuildPhase section */
		4B6F8DE22A13A6C300210C79 /* Resources */ = {
			isa = PBXResourcesBuildPhase;
			buildActionMask = 2147483647;
			files = (
				4B6F8DEF2A13A6C500210C79 /* Preview Assets.xcassets in Resources */,
				4B6F8DEC2A13A6C500210C79 /* Assets.xcassets in Resources */,
			);
			runOnlyForDeploymentPostprocessing = 0;
		};
		4B6F8DF22A13A6C500210C79 /* Resources */ = {
			isa = PBXResourcesBuildPhase;
			buildActionMask = 2147483647;
			files = (
			);
			runOnlyForDeploymentPostprocessing = 0;
		};
		4B6F8DFC2A13A6C500210C79 /* Resources */ = {
			isa = PBXResourcesBuildPhase;
			buildActionMask = 2147483647;
			files = (
			);
			runOnlyForDeploymentPostprocessing = 0;
		};
/* End PBXResourcesBuildPhase section */

/* Begin PBXSourcesBuildPhase section */
		4B6F8DE02A13A6C300210C79 /* Sources */ = {
			isa = PBXSourcesBuildPhase;
			buildActionMask = 2147483647;
			files = (
				4B6F8E142A13C1E100210C79 /* MovieDetailView.swift in Sources */,
				4B6F8DEA2A13A6C300210C79 /* ContentView.swift in Sources */,
				4B6F8DE82A13A6C300210C79 /* ImdbMovieApp.swift in Sources */,
			);
			runOnlyForDeploymentPostprocessing = 0;
		};
		4B6F8DF02A13A6C500210C79 /* Sources */ = {
			isa = PBXSourcesBuildPhase;
			buildActionMask = 2147483647;
			files = (
				4B6F8DF92A13A6C500210C79 /* ImdbMovieTests.swift in Sources */,
			);
			runOnlyForDeploymentPostprocessing = 0;
		};
		4B6F8DFA2A13A6C500210C79 /* Sources */ = {
			isa = PBXSourcesBuildPhase;
			buildActionMask = 2147483647;
			files = (
				4B6F8E032A13A6C500210C79 /* ImdbMovieUITests.swift in Sources */,
				4B6F8E052A13A6C500210C79 /* ImdbMovieUITestsLaunchTests.swift in Sources */,
			);
			runOnlyForDeploymentPostprocessing = 0;
		};
/* End PBXSourcesBuildPhase section */

/* Begin PBXTargetDependency section */
		4B6F8DF62A13A6C500210C79 /* PBXTargetDependency */ = {
			isa = PBXTargetDependency;
			target = 4B6F8DE32A13A6C300210C79 /* ImdbMovie */;
			targetProxy = 4B6F8DF52A13A6C500210C79 /* PBXContainerItemProxy */;
		};
		4B6F8E002A13A6C500210C79 /* PBXTargetDependency */ = {
			isa = PBXTargetDependency;
			target = 4B6F8DE32A13A6C300210C79 /* ImdbMovie */;
			targetProxy = 4B6F8DFF2A13A6C500210C79 /* PBXContainerItemProxy */;
		};
/* End PBXTargetDependency section */

/* Begin XCBuildConfiguration section */
		4B6F8E062A13A6C500210C79 /* Debug */ = {
			isa = XCBuildConfiguration;
			buildSettings = {
				ALWAYS_SEARCH_USER_PATHS = NO;
				CLANG_ANALYZER_NONNULL = YES;
				CLANG_ANALYZER_NUMBER_OBJECT_CONVERSION = YES_AGGRESSIVE;
				CLANG_CXX_LANGUAGE_STANDARD = "gnu++20";
				CLANG_ENABLE_MODULES = YES;
				CLANG_ENABLE_OBJC_ARC = YES;
				CLANG_ENABLE_OBJC_WEAK = YES;
				CLANG_WARN_BLOCK_CAPTURE_AUTORELEASING = YES;
				CLANG_WARN_BOOL_CONVERSION = YES;
				CLANG_WARN_COMMA = YES;
				CLANG_WARN_CONSTANT_CONVERSION = YES;
				CLANG_WARN_DEPRECATED_OBJC_IMPLEMENTATIONS = YES;
				CLANG_WARN_DIRECT_OBJC_ISA_USAGE = YES_ERROR;
				CLANG_WARN_DOCUMENTATION_COMMENTS = YES;
				CLANG_WARN_EMPTY_BODY = YES;
				CLANG_WARN_ENUM_CONVERSION = YES;
				CLANG_WARN_INFINITE_RECURSION = YES;
				CLANG_WARN_INT_CONVERSION = YES;
				CLANG_WARN_NON_LITERAL_NULL_CONVERSION = YES;
				CLANG_WARN_OBJC_IMPLICIT_RETAIN_SELF = YES;
				CLANG_WARN_OBJC_LITERAL_CONVERSION = YES;
				CLANG_WARN_OBJC_ROOT_CLASS = YES_ERROR;
				CLANG_WARN_QUOTED_INCLUDE_IN_FRAMEWORK_HEADER = YES;
				CLANG_WARN_RANGE_LOOP_ANALYSIS = YES;
				CLANG_WARN_STRICT_PROTOTYPES = YES;
				CLANG_WARN_SUSPICIOUS_MOVE = YES;
				CLANG_WARN_UNGUARDED_AVAILABILITY = YES_AGGRESSIVE;
				CLANG_WARN_UNREACHABLE_CODE = YES;
				CLANG_WARN__DUPLICATE_METHOD_MATCH = YES;
				COPY_PHASE_STRIP = NO;
				DEBUG_INFORMATION_FORMAT = dwarf;
				ENABLE_STRICT_OBJC_MSGSEND = YES;
				ENABLE_TESTABILITY = YES;
				GCC_C_LANGUAGE_STANDARD = gnu11;
				GCC_DYNAMIC_NO_PIC = NO;
				GCC_NO_COMMON_BLOCKS = YES;
				GCC_OPTIMIZATION_LEVEL = 0;
				GCC_PREPROCESSOR_DEFINITIONS = (
					"DEBUG=1",
					"$(inherited)",
				);
				GCC_WARN_64_TO_32_BIT_CONVERSION = YES;
				GCC_WARN_ABOUT_RETURN_TYPE = YES_ERROR;
				GCC_WARN_UNDECLARED_SELECTOR = YES;
				GCC_WARN_UNINITIALIZED_AUTOS = YES_AGGRESSIVE;
				GCC_WARN_UNUSED_FUNCTION = YES;
				GCC_WARN_UNUSED_VARIABLE = YES;
				IPHONEOS_DEPLOYMENT_TARGET = 16.4;
				MTL_ENABLE_DEBUG_INFO = INCLUDE_SOURCE;
				MTL_FAST_MATH = YES;
				ONLY_ACTIVE_ARCH = YES;
				SDKROOT = iphoneos;
				SWIFT_ACTIVE_COMPILATION_CONDITIONS = DEBUG;
				SWIFT_OPTIMIZATION_LEVEL = "-Onone";
			};
			name = Debug;
		};
		4B6F8E072A13A6C500210C79 /* Release */ = {
			isa = XCBuildConfiguration;
			buildSettings = {
				ALWAYS_SEARCH_USER_PATHS = NO;
				CLANG_ANALYZER_NONNULL = YES;
				CLANG_ANALYZER_NUMBER_OBJECT_CONVERSION = YES_AGGRESSIVE;
				CLANG_CXX_LANGUAGE_STANDARD = "gnu++20";
				CLANG_ENABLE_MODULES = YES;
				CLANG_ENABLE_OBJC_ARC = YES;
				CLANG_ENABLE_OBJC_WEAK = YES;
				CLANG_WARN_BLOCK_CAPTURE_AUTORELEASING = YES;
				CLANG_WARN_BOOL_CONVERSION = YES;
				CLANG_WARN_COMMA = YES;
				CLANG_WARN_CONSTANT_CONVERSION = YES;
				CLANG_WARN_DEPRECATED_OBJC_IMPLEMENTATIONS = YES;
				CLANG_WARN_DIRECT_OBJC_ISA_USAGE = YES_ERROR;
				CLANG_WARN_DOCUMENTATION_COMMENTS = YES;
				CLANG_WARN_EMPTY_BODY = YES;
				CLANG_WARN_ENUM_CONVERSION = YES;
				CLANG_WARN_INFINITE_RECURSION = YES;
				CLANG_WARN_INT_CONVERSION = YES;
				CLANG_WARN_NON_LITERAL_NULL_CONVERSION = YES;
				CLANG_WARN_OBJC_IMPLICIT_RETAIN_SELF = YES;
				CLANG_WARN_OBJC_LITERAL_CONVERSION = YES;
				CLANG_WARN_OBJC_ROOT_CLASS = YES_ERROR;
				CLANG_WARN_QUOTED_INCLUDE_IN_FRAMEWORK_HEADER = YES;
				CLANG_WARN_RANGE_LOOP_ANALYSIS = YES;
				CLANG_WARN_STRICT_PROTOTYPES = YES;
				CLANG_WARN_SUSPICIOUS_MOVE = YES;
				CLANG_WARN_UNGUARDED_AVAILABILITY = YES_AGGRESSIVE;
				CLANG_WARN_UNREACHABLE_CODE = YES;
				CLANG_WARN__DUPLICATE_METHOD_MATCH = YES;
				COPY_PHASE_STRIP = NO;
				DEBUG_INFORMATION_FORMAT = "dwarf-with-dsym";
				ENABLE_NS_ASSERTIONS = NO;
				ENABLE_STRICT_OBJC_MSGSEND = YES;
				GCC_C_LANGUAGE_STANDARD = gnu11;
				GCC_NO_COMMON_BLOCKS = YES;
				GCC_WARN_64_TO_32_BIT_CONVERSION = YES;
				GCC_WARN_ABOUT_RETURN_TYPE = YES_ERROR;
				GCC_WARN_UNDECLARED_SELECTOR = YES;
				GCC_WARN_UNINITIALIZED_AUTOS = YES_AGGRESSIVE;
				GCC_WARN_UNUSED_FUNCTION = YES;
				GCC_WARN_UNUSED_VARIABLE = YES;
				IPHONEOS_DEPLOYMENT_TARGET = 16.4;
				MTL_ENABLE_DEBUG_INFO = NO;
				MTL_FAST_MATH = YES;
				SDKROOT = iphoneos;
				SWIFT_COMPILATION_MODE = wholemodule;
				SWIFT_OPTIMIZATION_LEVEL = "-O";
				VALIDATE_PRODUCT = YES;
			};
			name = Release;
		};
		4B6F8E092A13A6C500210C79 /* Debug */ = {
			isa = XCBuildConfiguration;
			buildSettings = {
				ASSETCATALOG_COMPILER_APPICON_NAME = AppIcon;
				ASSETCATALOG_COMPILER_GLOBAL_ACCENT_COLOR_NAME = AccentColor;
				CODE_SIGN_STYLE = Automatic;
				CURRENT_PROJECT_VERSION = 1;
				DEVELOPMENT_ASSET_PATHS = "\"ImdbMovie/Preview Content\"";
				ENABLE_PREVIEWS = YES;
				GENERATE_INFOPLIST_FILE = YES;
				INFOPLIST_KEY_UIApplicationSceneManifest_Generation = YES;
				INFOPLIST_KEY_UIApplicationSupportsIndirectInputEvents = YES;
				INFOPLIST_KEY_UILaunchScreen_Generation = YES;
				INFOPLIST_KEY_UISupportedInterfaceOrientations_iPad = "UIInterfaceOrientationPortrait UIInterfaceOrientationPortraitUpsideDown UIInterfaceOrientationLandscapeLeft UIInterfaceOrientationLandscapeRight";
				INFOPLIST_KEY_UISupportedInterfaceOrientations_iPhone = "UIInterfaceOrientationPortrait UIInterfaceOrientationLandscapeLeft UIInterfaceOrientationLandscapeRight";
				LD_RUNPATH_SEARCH_PATHS = (
					"$(inherited)",
					"@executable_path/Frameworks",
				);
				MARKETING_VERSION = 1.0;
				PRODUCT_BUNDLE_IDENTIFIER = none.ImdbMovie;
				PRODUCT_NAME = "$(TARGET_NAME)";
				SWIFT_EMIT_LOC_STRINGS = YES;
				SWIFT_VERSION = 5.0;
				TARGETED_DEVICE_FAMILY = "1,2";
			};
			name = Debug;
		};
		4B6F8E0A2A13A6C500210C79 /* Release */ = {
			isa = XCBuildConfiguration;
			buildSettings = {
				ASSETCATALOG_COMPILER_APPICON_NAME = AppIcon;
				ASSETCATALOG_COMPILER_GLOBAL_ACCENT_COLOR_NAME = AccentColor;
				CODE_SIGN_STYLE = Automatic;
				CURRENT_PROJECT_VERSION = 1;
				DEVELOPMENT_ASSET_PATHS = "\"ImdbMovie/Preview Content\"";
				ENABLE_PREVIEWS = YES;
				GENERATE_INFOPLIST_FILE = YES;
				INFOPLIST_KEY_UIApplicationSceneManifest_Generation = YES;
				INFOPLIST_KEY_UIApplicationSupportsIndirectInputEvents = YES;
				INFOPLIST_KEY_UILaunchScreen_Generation = YES;
				INFOPLIST_KEY_UISupportedInterfaceOrientations_iPad = "UIInterfaceOrientationPortrait UIInterfaceOrientationPortraitUpsideDown UIInterfaceOrientationLandscapeLeft UIInterfaceOrientationLandscapeRight";
				INFOPLIST_KEY_UISupportedInterfaceOrientations_iPhone = "UIInterfaceOrientationPortrait UIInterfaceOrientationLandscapeLeft UIInterfaceOrientationLandscapeRight";
				LD_RUNPATH_SEARCH_PATHS = (
					"$(inherited)",
					"@executable_path/Frameworks",
				);
				MARKETING_VERSION = 1.0;
				PRODUCT_BUNDLE_IDENTIFIER = none.ImdbMovie;
				PRODUCT_NAME = "$(TARGET_NAME)";
				SWIFT_EMIT_LOC_STRINGS = YES;
				SWIFT_VERSION = 5.0;
				TARGETED_DEVICE_FAMILY = "1,2";
			};
			name = Release;
		};
		4B6F8E0C2A13A6C500210C79 /* Debug */ = {
			isa = XCBuildConfiguration;
			buildSettings = {
				ALWAYS_EMBED_SWIFT_STANDARD_LIBRARIES = YES;
				BUNDLE_LOADER = "$(TEST_HOST)";
				CODE_SIGN_STYLE = Automatic;
				CURRENT_PROJECT_VERSION = 1;
				GENERATE_INFOPLIST_FILE = YES;
				IPHONEOS_DEPLOYMENT_TARGET = 16.4;
				MARKETING_VERSION = 1.0;
				PRODUCT_BUNDLE_IDENTIFIER = none.ImdbMovieTests;
				PRODUCT_NAME = "$(TARGET_NAME)";
				SWIFT_EMIT_LOC_STRINGS = NO;
				SWIFT_VERSION = 5.0;
				TARGETED_DEVICE_FAMILY = "1,2";
				TEST_HOST = "$(BUILT_PRODUCTS_DIR)/ImdbMovie.app/$(BUNDLE_EXECUTABLE_FOLDER_PATH)/ImdbMovie";
			};
			name = Debug;
		};
		4B6F8E0D2A13A6C500210C79 /* Release */ = {
			isa = XCBuildConfiguration;
			buildSettings = {
				ALWAYS_EMBED_SWIFT_STANDARD_LIBRARIES = YES;
				BUNDLE_LOADER = "$(TEST_HOST)";
				CODE_SIGN_STYLE = Automatic;
				CURRENT_PROJECT_VERSION = 1;
				GENERATE_INFOPLIST_FILE = YES;
				IPHONEOS_DEPLOYMENT_TARGET = 16.4;
				MARKETING_VERSION = 1.0;
				PRODUCT_BUNDLE_IDENTIFIER = none.ImdbMovieTests;
				PRODUCT_NAME = "$(TARGET_NAME)";
				SWIFT_EMIT_LOC_STRINGS = NO;
				SWIFT_VERSION = 5.0;
				TARGETED_DEVICE_FAMILY = "1,2";
				TEST_HOST = "$(BUILT_PRODUCTS_DIR)/ImdbMovie.app/$(BUNDLE_EXECUTABLE_FOLDER_PATH)/ImdbMovie";
			};
			name = Release;
		};
		4B6F8E0F2A13A6C500210C79 /* Debug */ = {
			isa = XCBuildConfiguration;
			buildSettings = {
				ALWAYS_EMBED_SWIFT_STANDARD_LIBRARIES = YES;
				CODE_SIGN_STYLE = Automatic;
				CURRENT_PROJECT_VERSION = 1;
				GENERATE_INFOPLIST_FILE = YES;
				MARKETING_VERSION = 1.0;
				PRODUCT_BUNDLE_IDENTIFIER = none.ImdbMovieUITests;
				PRODUCT_NAME = "$(TARGET_NAME)";
				SWIFT_EMIT_LOC_STRINGS = NO;
				SWIFT_VERSION = 5.0;
				TARGETED_DEVICE_FAMILY = "1,2";
				TEST_TARGET_NAME = ImdbMovie;
			};
			name = Debug;
		};
		4B6F8E102A13A6C500210C79 /* Release */ = {
			isa = XCBuildConfiguration;
			buildSettings = {
				ALWAYS_EMBED_SWIFT_STANDARD_LIBRARIES = YES;
				CODE_SIGN_STYLE = Automatic;
				CURRENT_PROJECT_VERSION = 1;
				GENERATE_INFOPLIST_FILE = YES;
				MARKETING_VERSION = 1.0;
				PRODUCT_BUNDLE_IDENTIFIER = none.ImdbMovieUITests;
				PRODUCT_NAME = "$(TARGET_NAME)";
				SWIFT_EMIT_LOC_STRINGS = NO;
				SWIFT_VERSION = 5.0;
				TARGETED_DEVICE_FAMILY = "1,2";
				TEST_TARGET_NAME = ImdbMovie;
			};
			name = Release;
		};
/* End XCBuildConfiguration section */

/* Begin XCConfigurationList section */
		4B6F8DDF2A13A6C300210C79 /* Build configuration list for PBXProject "ImdbMovie" */ = {
			isa = XCConfigurationList;
			buildConfigurations = (
				4B6F8E062A13A6C500210C79 /* Debug */,
				4B6F8E072A13A6C500210C79 /* Release */,
			);
			defaultConfigurationIsVisible = 0;
			defaultConfigurationName = Release;
		};
		4B6F8E082A13A6C500210C79 /* Build configuration list for PBXNativeTarget "ImdbMovie" */ = {
			isa = XCConfigurationList;
			buildConfigurations = (
				4B6F8E092A13A6C500210C79 /* Debug */,
				4B6F8E0A2A13A6C500210C79 /* Release */,
			);
			defaultConfigurationIsVisible = 0;
			defaultConfigurationName = Release;
		};
		4B6F8E0B2A13A6C500210C79 /* Build configuration list for PBXNativeTarget "ImdbMovieTests" */ = {
			isa = XCConfigurationList;
			buildConfigurations = (
				4B6F8E0C2A13A6C500210C79 /* Debug */,
				4B6F8E0D2A13A6C500210C79 /* Release */,
			);
			defaultConfigurationIsVisible = 0;
			defaultConfigurationName = Release;
		};
		4B6F8E0E2A13A6C500210C79 /* Build configuration list for PBXNativeTarget "ImdbMovieUITests" */ = {
			isa = XCConfigurationList;
			buildConfigurations = (
				4B6F8E0F2A13A6C500210C79 /* Debug */,
				4B6F8E102A13A6C500210C79 /* Release */,
			);
			defaultConfigurationIsVisible = 0;
			defaultConfigurationName = Release;
		};
/* End XCConfigurationList section */
	};
	rootObject = 4B6F8DDC2A13A6C300210C79 /* Project object */;
}
